
Microsoft Visual Studio Solution File, Format Version 12.00
# Visual Studio Version 16
VisualStudioVersion = 16.0.29503.13
MinimumVisualStudioVersion = 10.0.40219.1
Project("{FAE04EC0-301F-11D3-BF4B-00C04F79EFBC}") = "BasicPart10-ClassAndObject", "BasicPart10-ClassAndObject.csproj", "{40FC8B97-0191-4E85-98CF-E0E3624DBF27}"
EndProject
Global
	GlobalSection(SolutionConfigurationPlatforms) = preSolution
		Debug|Any CPU = Debug|Any CPU
		Release|Any CPU = Release|Any CPU
	EndGlobalSection
	GlobalSection(ProjectConfigurationPlatforms) = postSolution
		{40FC8B97-0191-4E85-98CF-E0E3624DBF27}.Debug|Any CPU.ActiveCfg = Debug|Any CPU
		{40FC8B97-0191-4E85-98CF-E0E3624DBF27}.Debug|Any CPU.Build.0 = Debug|Any CPU
		{40FC8B97-0191-4E85-98CF-E0E3624DBF27}.Release|Any CPU.ActiveCfg = Release|Any CPU
		{40FC8B97-0191-4E85-98CF-E0E3624DBF27}.Release|Any CPU.Build.0 = Release|Any CPU
	EndGlobalSection
	GlobalSection(SolutionProperties) = preSolution
		HideSolutionNode = FALSE
	EndGlobalSection
	GlobalSection(ExtensibilityGlobals) = postSolution
		SolutionGuid = {BCA67E82-DBB5-42AA-B925-DD5E3E8042A6}
	EndGlobalSection
EndGlobal
